
Microsoft Visual Studio Solution File, Format Version 12.00
# Visual Studio Version 16
VisualStudioVersion = 16.0.30011.22
MinimumVisualStudioVersion = 10.0.40219.1
Project("{FAE04EC0-301F-11D3-BF4B-00C04F79EFBC}") = "ContactBook4", "ContactBook4\ContactBook4.csproj", "{3E2C6874-9A22-4715-9B03-AA43EB73EF58}"
EndProject
Project("{FAE04EC0-301F-11D3-BF4B-00C04F79EFBC}") = "ContactBook4.Model", "ContactBook4.Model\ContactBook4.Model.csproj", "{AA5C5E2E-6CC5-4390-A664-B4CD951C4A2A}"
EndProject
Project("{FAE04EC0-301F-11D3-BF4B-00C04F79EFBC}") = "ContactBook4.DAL", "ContactBook4.DAL\ContactBook4.DAL.csproj", "{558C0902-8265-4C5E-BAC3-C37CFD007683}"
EndProject
Global
	GlobalSection(SolutionConfigurationPlatforms) = preSolution
		Debug|Any CPU = Debug|Any CPU
		Release|Any CPU = Release|Any CPU
	EndGlobalSection
	GlobalSection(ProjectConfigurationPlatforms) = postSolution
		{3E2C6874-9A22-4715-9B03-AA43EB73EF58}.Debug|Any CPU.ActiveCfg = Debug|Any CPU
		{3E2C6874-9A22-4715-9B03-AA43EB73EF58}.Debug|Any CPU.Build.0 = Debug|Any CPU
		{3E2C6874-9A22-4715-9B03-AA43EB73EF58}.Release|Any CPU.ActiveCfg = Release|Any CPU
		{3E2C6874-9A22-4715-9B03-AA43EB73EF58}.Release|Any CPU.Build.0 = Release|Any CPU
		{AA5C5E2E-6CC5-4390-A664-B4CD951C4A2A}.Debug|Any CPU.ActiveCfg = Debug|Any CPU
		{AA5C5E2E-6CC5-4390-A664-B4CD951C4A2A}.Debug|Any CPU.Build.0 = Debug|Any CPU
		{AA5C5E2E-6CC5-4390-A664-B4CD951C4A2A}.Release|Any CPU.ActiveCfg = Release|Any CPU
		{AA5C5E2E-6CC5-4390-A664-B4CD951C4A2A}.Release|Any CPU.Build.0 = Release|Any CPU
		{558C0902-8265-4C5E-BAC3-C37CFD007683}.Debug|Any CPU.ActiveCfg = Debug|Any CPU
		{558C0902-8265-4C5E-BAC3-C37CFD007683}.Debug|Any CPU.Build.0 = Debug|Any CPU
		{558C0902-8265-4C5E-BAC3-C37CFD007683}.Release|Any CPU.ActiveCfg = Release|Any CPU
		{558C0902-8265-4C5E-BAC3-C37CFD007683}.Release|Any CPU.Build.0 = Release|Any CPU
	EndGlobalSection
	GlobalSection(SolutionProperties) = preSolution
		HideSolutionNode = FALSE
	EndGlobalSection
	GlobalSection(ExtensibilityGlobals) = postSolution
		SolutionGuid = {A9B785AB-E5FF-415A-BBBD-AC0058C9FC3F}
	EndGlobalSection
EndGlobal
